PODS:
  - Flutter (1.0.0)
  - games_services (4.1.0):
    - Flutter
    - FlutterMacOS
  - soundpool (0.0.1):
    - Flutter

DEPENDENCIES:
  - Flutter (from `Flutter`)
  - games_services (from `.symlinks/plugins/games_services/darwin`)
  - soundpool (from `.symlinks/plugins/soundpool/ios`)

EXTERNAL SOURCES:
  Flutter:
    :path: Flutter
  games_services:
    :path: ".symlinks/plugins/games_services/darwin"
  soundpool:
    :path: ".symlinks/plugins/soundpool/ios"

SPEC CHECKSUMS:
  Flutter: cabc95a1d2626b1b06e7179b784ebcf0c0cde467
  games_services: 6115dc856b31b6e4348a838a49bf89c9342305ba
  soundpool: cbfc34dbc42a1bb19426aaccf20e9cdd250b45e5

PODFILE CHECKSUM: e30f02f9d1c72c47bb6344a0a748c9d268180865

COCOAPODS: 1.17.0
